# THIS IS AN AUTOGENERATED FILE. DO NOT EDIT THIS FILE DIRECTLY.
# yarn lockfile v1


"@uirouter/core@5.0.3":
  version "5.0.3"
  resolved "https://registry.yarnpkg.com/@uirouter/core/-/core-5.0.3.tgz#e2b5b1e45190e20c67ba4e15c013de5d4e0ccab3"

angular-animate@1.6.4:
  version "1.6.4"
  resolved "https://registry.yarnpkg.com/angular-animate/-/angular-animate-1.6.4.tgz#d3eb906d39834f2dfbdd982e6b8d7a3b4d9001d2"

angular-ui-bootstrap@^2.5.0:
  version "2.5.0"
  resolved "https://registry.yarnpkg.com/angular-ui-bootstrap/-/angular-ui-bootstrap-2.5.0.tgz#2facefb915386655dc5f44150258032517236d01"

angular-ui-router@1.0.3:
  version "1.0.3"
  resolved "https://registry.yarnpkg.com/angular-ui-router/-/angular-ui-router-1.0.3.tgz#bf2494caae95c37cf01af3761d89747cfed2db45"
  dependencies:
    "@uirouter/core" "5.0.3"

angular@1.6.4:
  version "1.6.4"
  resolved "https://registry.yarnpkg.com/angular/-/angular-1.6.4.tgz#03b7b15c01a0802d7e2cf593240e604054dc77fb"
